proj_file_hash = "b0f68fc1314cc59fae868d4dc4b86194"

[[dependencies]]
name = "hashmap"
version = "1.0.0"
path = ".fixlang/deps/hashmap_1.0.0"

[dependencies.git]
repo = "https://github.com/tttmmmyyyy/fixlang-hashmap.git"
rev = "57b578c24738d6a5d19bb60a1705edec321485ff"

[[dependencies]]
name = "hash"
version = "1.0.0"
path = ".fixlang/deps/hash_1.0.0"

[dependencies.git]
repo = "https://github.com/tttmmmyyyy/fixlang-hash.git"
rev = "4b2f01c2d7309447fe7cd68a8d105ae86e2bde97"

[[dependencies]]
name = "character"
version = "1.0.0"
path = ".fixlang/deps/character_1.0.0"

[dependencies.git]
repo = "https://github.com/tttmmmyyyy/fixlang-character.git"
rev = "13e128d2b87a729c4e73d986994a5cedcf3e8f49"
