proj_file_hash = "ee32acf57678c3ecf0371253a07fdce0"

[[dependencies]]
name = "hashmap"
version = "0.1.0"
path = ".fixlang/deps/hashmap_0.1.0"

[dependencies.git]
repo = "https://github.com/tttmmmyyyy/fixlang-hashmap.git"
rev = "eff70408f139e5dddc81f4d905fe728c1081a861"

[[dependencies]]
name = "hash"
version = "0.1.0"
path = ".fixlang/deps/hash_0.1.0"

[dependencies.git]
repo = "https://github.com/tttmmmyyyy/fixlang-hash.git"
rev = "0e05f132ebc9420759a789fcd9e1afa739769c39"

[[dependencies]]
name = "character"
version = "0.1.0"
path = ".fixlang/deps/character_0.1.0"

[dependencies.git]
repo = "https://github.com/tttmmmyyyy/fixlang-character.git"
rev = "b52fdfe8f6c0d4470e90da0ff0c83d4ffa06b38e"
