proj_file_hash = "be7b1ffdbd2a1ccb09ad7d654381dc95"

[[dependencies]]
name = "character"
version = "1.0.1"
path = ".fixlang/deps/character_1.0.1"

[dependencies.git]
repo = "https://github.com/tttmmmyyyy/fixlang-character.git"
rev = "fd75a6634ec0c919f2d1703112d25da9a3c2346e"

[[dependencies]]
name = "hash"
version = "1.1.3"
path = ".fixlang/deps/hash_1.1.3"

[dependencies.git]
repo = "https://github.com/tttmmmyyyy/fixlang-hash.git"
rev = "089e73272bff2a97131736c54c07511425a69ed6"

[[dependencies]]
name = "hashmap"
version = "2.1.0"
path = ".fixlang/deps/hashmap_2.1.0"

[dependencies.git]
repo = "https://github.com/tttmmmyyyy/fixlang-hashmap.git"
rev = "718607174a1cd5afff619558718fc583d29434b8"
